
Microsoft Visual Studio Solution File, Format Version 12.00
# Visual Studio 14
VisualStudioVersion = 14.0.25420.1
MinimumVisualStudioVersion = 10.0.40219.1
Project("{FAE04EC0-301F-11D3-BF4B-00C04F79EFBC}") = "StarChef.MSMQService", "StarChef.MSMQService.csproj", "{0291CFD0-1F05-4D49-ABC5-BC4E9D5F375B}"
EndProject
Project("{FAE04EC0-301F-11D3-BF4B-00C04F79EFBC}") = "StarChef.Common", "StarChef.Common\StarChef.Common.csproj", "{6FD83544-9EA6-41B9-A29C-E9117AAFEF35}"
EndProject
Project("{FAE04EC0-301F-11D3-BF4B-00C04F79EFBC}") = "StarChef.Orchestrate", "StarChef.Orchestrate\StarChef.Orchestrate.csproj", "{89EF0B30-23AF-4F8C-A073-7924D2B51167}"
EndProject
Project("{2150E333-8FDC-42A3-9474-1A3956D46DE8}") = "StarChef.Listener", "StarChef.Listener", "{89F2975A-15E7-41B6-A67B-AD5E73EC4F79}"
EndProject
Project("{FAE04EC0-301F-11D3-BF4B-00C04F79EFBC}") = "StarChef.Listener", "StarChef.Listener\StarChef.Listener.csproj", "{0D8B1DE7-8B3C-4D46-9615-114F360675CF}"
EndProject
Project("{FAE04EC0-301F-11D3-BF4B-00C04F79EFBC}") = "StarChef.Orchestrate.Tests", "StarChef.Orchestrate.Tests\StarChef.Orchestrate.Tests.csproj", "{A34DF251-1525-4FE3-8D0E-5BC8EE366265}"
EndProject
Project("{2150E333-8FDC-42A3-9474-1A3956D46DE8}") = "DataExport", "DataExport", "{D1B093BC-0B77-4BFC-86D3-52A60A4A0149}"
EndProject
Project("{FAE04EC0-301F-11D3-BF4B-00C04F79EFBC}") = "DataExported", "DataExport\DataExported\DataExported.csproj", "{87BEC530-A5DE-46D3-B0E8-1B4466FAFC48}"
EndProject
Project("{FAE04EC0-301F-11D3-BF4B-00C04F79EFBC}") = "Messaging.MSMQ", "Messaging.MSMQ\Messaging.MSMQ.csproj", "{1E56F100-B0FF-47EC-9E78-583FC3454148}"
EndProject
Global
	GlobalSection(SolutionConfigurationPlatforms) = preSolution
		Debug|Any CPU = Debug|Any CPU
		Release|Any CPU = Release|Any CPU
	EndGlobalSection
	GlobalSection(ProjectConfigurationPlatforms) = postSolution
		{0291CFD0-1F05-4D49-ABC5-BC4E9D5F375B}.Debug|Any CPU.ActiveCfg = Debug|Any CPU
		{0291CFD0-1F05-4D49-ABC5-BC4E9D5F375B}.Debug|Any CPU.Build.0 = Debug|Any CPU
		{0291CFD0-1F05-4D49-ABC5-BC4E9D5F375B}.Release|Any CPU.ActiveCfg = Release|Any CPU
		{0291CFD0-1F05-4D49-ABC5-BC4E9D5F375B}.Release|Any CPU.Build.0 = Release|Any CPU
		{6FD83544-9EA6-41B9-A29C-E9117AAFEF35}.Debug|Any CPU.ActiveCfg = Debug|Any CPU
		{6FD83544-9EA6-41B9-A29C-E9117AAFEF35}.Debug|Any CPU.Build.0 = Debug|Any CPU
		{6FD83544-9EA6-41B9-A29C-E9117AAFEF35}.Release|Any CPU.ActiveCfg = Release|Any CPU
		{6FD83544-9EA6-41B9-A29C-E9117AAFEF35}.Release|Any CPU.Build.0 = Release|Any CPU
		{89EF0B30-23AF-4F8C-A073-7924D2B51167}.Debug|Any CPU.ActiveCfg = Debug|Any CPU
		{89EF0B30-23AF-4F8C-A073-7924D2B51167}.Debug|Any CPU.Build.0 = Debug|Any CPU
		{89EF0B30-23AF-4F8C-A073-7924D2B51167}.Release|Any CPU.ActiveCfg = Release|Any CPU
		{89EF0B30-23AF-4F8C-A073-7924D2B51167}.Release|Any CPU.Build.0 = Release|Any CPU
		{0D8B1DE7-8B3C-4D46-9615-114F360675CF}.Debug|Any CPU.ActiveCfg = Debug|Any CPU
		{0D8B1DE7-8B3C-4D46-9615-114F360675CF}.Debug|Any CPU.Build.0 = Debug|Any CPU
		{0D8B1DE7-8B3C-4D46-9615-114F360675CF}.Release|Any CPU.ActiveCfg = Release|Any CPU
		{0D8B1DE7-8B3C-4D46-9615-114F360675CF}.Release|Any CPU.Build.0 = Release|Any CPU
		{A34DF251-1525-4FE3-8D0E-5BC8EE366265}.Debug|Any CPU.ActiveCfg = Debug|Any CPU
		{A34DF251-1525-4FE3-8D0E-5BC8EE366265}.Debug|Any CPU.Build.0 = Debug|Any CPU
		{A34DF251-1525-4FE3-8D0E-5BC8EE366265}.Release|Any CPU.ActiveCfg = Release|Any CPU
		{A34DF251-1525-4FE3-8D0E-5BC8EE366265}.Release|Any CPU.Build.0 = Release|Any CPU
		{87BEC530-A5DE-46D3-B0E8-1B4466FAFC48}.Debug|Any CPU.ActiveCfg = Debug|Any CPU
		{87BEC530-A5DE-46D3-B0E8-1B4466FAFC48}.Debug|Any CPU.Build.0 = Debug|Any CPU
		{87BEC530-A5DE-46D3-B0E8-1B4466FAFC48}.Release|Any CPU.ActiveCfg = Release|Any CPU
		{87BEC530-A5DE-46D3-B0E8-1B4466FAFC48}.Release|Any CPU.Build.0 = Release|Any CPU
		{1E56F100-B0FF-47EC-9E78-583FC3454148}.Debug|Any CPU.ActiveCfg = Debug|Any CPU
		{1E56F100-B0FF-47EC-9E78-583FC3454148}.Debug|Any CPU.Build.0 = Debug|Any CPU
		{1E56F100-B0FF-47EC-9E78-583FC3454148}.Release|Any CPU.ActiveCfg = Release|Any CPU
		{1E56F100-B0FF-47EC-9E78-583FC3454148}.Release|Any CPU.Build.0 = Release|Any CPU
	EndGlobalSection
	GlobalSection(SolutionProperties) = preSolution
		HideSolutionNode = FALSE
	EndGlobalSection
	GlobalSection(NestedProjects) = preSolution
		{0D8B1DE7-8B3C-4D46-9615-114F360675CF} = {89F2975A-15E7-41B6-A67B-AD5E73EC4F79}
		{87BEC530-A5DE-46D3-B0E8-1B4466FAFC48} = {D1B093BC-0B77-4BFC-86D3-52A60A4A0149}
		{1E56F100-B0FF-47EC-9E78-583FC3454148} = {D1B093BC-0B77-4BFC-86D3-52A60A4A0149}
	EndGlobalSection
EndGlobal
